
Microsoft Visual Studio Solution File, Format Version 12.00
# Visual Studio Version 17
VisualStudioVersion = 17.0.31903.59
MinimumVisualStudioVersion = 10.0.40219.1
Project("{FAE04EC0-301F-11D3-BF4B-00C04F79EFBC}") = "Domain", "Domain\Domain.csproj", "{6A2995E6-EF04-4219-A33B-8EA74CCDDBC5}"
EndProject
Project("{FAE04EC0-301F-11D3-BF4B-00C04F79EFBC}") = "Infrastructure", "Infrastructure\Infrastructure.csproj", "{43EEA175-13B0-4BB9-8225-907CB7B05FE5}"
EndProject
Project("{FAE04EC0-301F-11D3-BF4B-00C04F79EFBC}") = "MainApp", "MainApp\MainApp.csproj", "{54884FEF-6ED4-4B61-90EB-A8A5AAD53188}"
EndProject
Global
	GlobalSection(SolutionConfigurationPlatforms) = preSolution
		Debug|Any CPU = Debug|Any CPU
		Debug|x64 = Debug|x64
		Debug|x86 = Debug|x86
		Release|Any CPU = Release|Any CPU
		Release|x64 = Release|x64
		Release|x86 = Release|x86
	EndGlobalSection
	GlobalSection(ProjectConfigurationPlatforms) = postSolution
		{6A2995E6-EF04-4219-A33B-8EA74CCDDBC5}.Debug|Any CPU.ActiveCfg = Debug|Any CPU
		{6A2995E6-EF04-4219-A33B-8EA74CCDDBC5}.Debug|Any CPU.Build.0 = Debug|Any CPU
		{6A2995E6-EF04-4219-A33B-8EA74CCDDBC5}.Debug|x64.ActiveCfg = Debug|Any CPU
		{6A2995E6-EF04-4219-A33B-8EA74CCDDBC5}.Debug|x64.Build.0 = Debug|Any CPU
		{6A2995E6-EF04-4219-A33B-8EA74CCDDBC5}.Debug|x86.ActiveCfg = Debug|Any CPU
		{6A2995E6-EF04-4219-A33B-8EA74CCDDBC5}.Debug|x86.Build.0 = Debug|Any CPU
		{6A2995E6-EF04-4219-A33B-8EA74CCDDBC5}.Release|Any CPU.ActiveCfg = Release|Any CPU
		{6A2995E6-EF04-4219-A33B-8EA74CCDDBC5}.Release|Any CPU.Build.0 = Release|Any CPU
		{6A2995E6-EF04-4219-A33B-8EA74CCDDBC5}.Release|x64.ActiveCfg = Release|Any CPU
		{6A2995E6-EF04-4219-A33B-8EA74CCDDBC5}.Release|x64.Build.0 = Release|Any CPU
		{6A2995E6-EF04-4219-A33B-8EA74CCDDBC5}.Release|x86.ActiveCfg = Release|Any CPU
		{6A2995E6-EF04-4219-A33B-8EA74CCDDBC5}.Release|x86.Build.0 = Release|Any CPU
		{43EEA175-13B0-4BB9-8225-907CB7B05FE5}.Debug|Any CPU.ActiveCfg = Debug|Any CPU
		{43EEA175-13B0-4BB9-8225-907CB7B05FE5}.Debug|Any CPU.Build.0 = Debug|Any CPU
		{43EEA175-13B0-4BB9-8225-907CB7B05FE5}.Debug|x64.ActiveCfg = Debug|Any CPU
		{43EEA175-13B0-4BB9-8225-907CB7B05FE5}.Debug|x64.Build.0 = Debug|Any CPU
		{43EEA175-13B0-4BB9-8225-907CB7B05FE5}.Debug|x86.ActiveCfg = Debug|Any CPU
		{43EEA175-13B0-4BB9-8225-907CB7B05FE5}.Debug|x86.Build.0 = Debug|Any CPU
		{43EEA175-13B0-4BB9-8225-907CB7B05FE5}.Release|Any CPU.ActiveCfg = Release|Any CPU
		{43EEA175-13B0-4BB9-8225-907CB7B05FE5}.Release|Any CPU.Build.0 = Release|Any CPU
		{43EEA175-13B0-4BB9-8225-907CB7B05FE5}.Release|x64.ActiveCfg = Release|Any CPU
		{43EEA175-13B0-4BB9-8225-907CB7B05FE5}.Release|x64.Build.0 = Release|Any CPU
		{43EEA175-13B0-4BB9-8225-907CB7B05FE5}.Release|x86.ActiveCfg = Release|Any CPU
		{43EEA175-13B0-4BB9-8225-907CB7B05FE5}.Release|x86.Build.0 = Release|Any CPU
		{54884FEF-6ED4-4B61-90EB-A8A5AAD53188}.Debug|Any CPU.ActiveCfg = Debug|Any CPU
		{54884FEF-6ED4-4B61-90EB-A8A5AAD53188}.Debug|Any CPU.Build.0 = Debug|Any CPU
		{54884FEF-6ED4-4B61-90EB-A8A5AAD53188}.Debug|x64.ActiveCfg = Debug|Any CPU
		{54884FEF-6ED4-4B61-90EB-A8A5AAD53188}.Debug|x64.Build.0 = Debug|Any CPU
		{54884FEF-6ED4-4B61-90EB-A8A5AAD53188}.Debug|x86.ActiveCfg = Debug|Any CPU
		{54884FEF-6ED4-4B61-90EB-A8A5AAD53188}.Debug|x86.Build.0 = Debug|Any CPU
		{54884FEF-6ED4-4B61-90EB-A8A5AAD53188}.Release|Any CPU.ActiveCfg = Release|Any CPU
		{54884FEF-6ED4-4B61-90EB-A8A5AAD53188}.Release|Any CPU.Build.0 = Release|Any CPU
		{54884FEF-6ED4-4B61-90EB-A8A5AAD53188}.Release|x64.ActiveCfg = Release|Any CPU
		{54884FEF-6ED4-4B61-90EB-A8A5AAD53188}.Release|x64.Build.0 = Release|Any CPU
		{54884FEF-6ED4-4B61-90EB-A8A5AAD53188}.Release|x86.ActiveCfg = Release|Any CPU
		{54884FEF-6ED4-4B61-90EB-A8A5AAD53188}.Release|x86.Build.0 = Release|Any CPU
	EndGlobalSection
	GlobalSection(SolutionProperties) = preSolution
		HideSolutionNode = FALSE
	EndGlobalSection
EndGlobal
